
Microsoft Visual Studio Solution File, Format Version 12.00
# Visual Studio Version 17
VisualStudioVersion = 17.2.32630.192
MinimumVisualStudioVersion = 10.0.40219.1
Project("{9A19103F-16F7-4668-BE54-9A1E7A4F7556}") = "FridgesAPI", "FridgesAPI\FridgesAPI.csproj", "{7557E2BF-B589-401A-8EA1-F40DBF43E3B2}"
EndProject
Project("{9A19103F-16F7-4668-BE54-9A1E7A4F7556}") = "FridgesCore", "FridgesCore\FridgesCore.csproj", "{F6D5E790-2408-42B8-A2CA-DA8D390CE9A7}"
EndProject
Project("{9A19103F-16F7-4668-BE54-9A1E7A4F7556}") = "FridgesData", "FridgesData\FridgesData.csproj", "{3A46378F-579C-42D5-AEC7-BA916239658C}"
EndProject
Project("{9A19103F-16F7-4668-BE54-9A1E7A4F7556}") = "FridgesModel", "FridgesModel\FridgesModel.csproj", "{B3802A8E-0873-4B06-B9FE-4645E91FD225}"
EndProject
Global
	GlobalSection(SolutionConfigurationPlatforms) = preSolution
		Debug|Any CPU = Debug|Any CPU
		Release|Any CPU = Release|Any CPU
	EndGlobalSection
	GlobalSection(ProjectConfigurationPlatforms) = postSolution
		{7557E2BF-B589-401A-8EA1-F40DBF43E3B2}.Debug|Any CPU.ActiveCfg = Debug|Any CPU
		{7557E2BF-B589-401A-8EA1-F40DBF43E3B2}.Debug|Any CPU.Build.0 = Debug|Any CPU
		{7557E2BF-B589-401A-8EA1-F40DBF43E3B2}.Release|Any CPU.ActiveCfg = Release|Any CPU
		{7557E2BF-B589-401A-8EA1-F40DBF43E3B2}.Release|Any CPU.Build.0 = Release|Any CPU
		{F6D5E790-2408-42B8-A2CA-DA8D390CE9A7}.Debug|Any CPU.ActiveCfg = Debug|Any CPU
		{F6D5E790-2408-42B8-A2CA-DA8D390CE9A7}.Debug|Any CPU.Build.0 = Debug|Any CPU
		{F6D5E790-2408-42B8-A2CA-DA8D390CE9A7}.Release|Any CPU.ActiveCfg = Release|Any CPU
		{F6D5E790-2408-42B8-A2CA-DA8D390CE9A7}.Release|Any CPU.Build.0 = Release|Any CPU
		{3A46378F-579C-42D5-AEC7-BA916239658C}.Debug|Any CPU.ActiveCfg = Debug|Any CPU
		{3A46378F-579C-42D5-AEC7-BA916239658C}.Debug|Any CPU.Build.0 = Debug|Any CPU
		{3A46378F-579C-42D5-AEC7-BA916239658C}.Release|Any CPU.ActiveCfg = Release|Any CPU
		{3A46378F-579C-42D5-AEC7-BA916239658C}.Release|Any CPU.Build.0 = Release|Any CPU
		{B3802A8E-0873-4B06-B9FE-4645E91FD225}.Debug|Any CPU.ActiveCfg = Debug|Any CPU
		{B3802A8E-0873-4B06-B9FE-4645E91FD225}.Debug|Any CPU.Build.0 = Debug|Any CPU
		{B3802A8E-0873-4B06-B9FE-4645E91FD225}.Release|Any CPU.ActiveCfg = Release|Any CPU
		{B3802A8E-0873-4B06-B9FE-4645E91FD225}.Release|Any CPU.Build.0 = Release|Any CPU
	EndGlobalSection
	GlobalSection(SolutionProperties) = preSolution
		HideSolutionNode = FALSE
	EndGlobalSection
	GlobalSection(ExtensibilityGlobals) = postSolution
		SolutionGuid = {DA586E6D-C228-48B9-BEB1-4B181DE62E3D}
	EndGlobalSection
EndGlobal
